
Microsoft Visual Studio Solution File, Format Version 12.00
# Visual Studio Version 17
VisualStudioVersion = 17.9.34728.123
MinimumVisualStudioVersion = 10.0.40219.1
Project("{FAE04EC0-301F-11D3-BF4B-00C04F79EFBC}") = "PROG6221POE", "PROG6221POE.csproj", "{6BF57A94-7D11-4CBF-917A-E1870A23599B}"
EndProject
Global
	GlobalSection(SolutionConfigurationPlatforms) = preSolution
		Debug|Any CPU = Debug|Any CPU
		Release|Any CPU = Release|Any CPU
	EndGlobalSection
	GlobalSection(ProjectConfigurationPlatforms) = postSolution
		{6BF57A94-7D11-4CBF-917A-E1870A23599B}.Debug|Any CPU.ActiveCfg = Debug|Any CPU
		{6BF57A94-7D11-4CBF-917A-E1870A23599B}.Debug|Any CPU.Build.0 = Debug|Any CPU
		{6BF57A94-7D11-4CBF-917A-E1870A23599B}.Release|Any CPU.ActiveCfg = Release|Any CPU
		{6BF57A94-7D11-4CBF-917A-E1870A23599B}.Release|Any CPU.Build.0 = Release|Any CPU
	EndGlobalSection
	GlobalSection(SolutionProperties) = preSolution
		HideSolutionNode = FALSE
	EndGlobalSection
	GlobalSection(ExtensibilityGlobals) = postSolution
		SolutionGuid = {F97CC3A3-A794-428D-99B0-1C2F867A32BD}
	EndGlobalSection
EndGlobal
